
Microsoft Visual Studio Solution File, Format Version 12.00
# Visual Studio 15
VisualStudioVersion = 15.0.28010.2048
MinimumVisualStudioVersion = 10.0.40219.1
Project("{FAE04EC0-301F-11D3-BF4B-00C04F79EFBC}") = "HunspellTest", "HunspellTest\HunspellTest.csproj", "{5184BAA0-FDC4-4E22-8462-6DA05EAEB358}"
EndProject
Global
	GlobalSection(SolutionConfigurationPlatforms) = preSolution
		Debug|Any CPU = Debug|Any CPU
		Release|Any CPU = Release|Any CPU
	EndGlobalSection
	GlobalSection(ProjectConfigurationPlatforms) = postSolution
		{5184BAA0-FDC4-4E22-8462-6DA05EAEB358}.Debug|Any CPU.ActiveCfg = Debug|Any CPU
		{5184BAA0-FDC4-4E22-8462-6DA05EAEB358}.Debug|Any CPU.Build.0 = Debug|Any CPU
		{5184BAA0-FDC4-4E22-8462-6DA05EAEB358}.Release|Any CPU.ActiveCfg = Release|Any CPU
		{5184BAA0-FDC4-4E22-8462-6DA05EAEB358}.Release|Any CPU.Build.0 = Release|Any CPU
	EndGlobalSection
	GlobalSection(SolutionProperties) = preSolution
		HideSolutionNode = FALSE
	EndGlobalSection
	GlobalSection(ExtensibilityGlobals) = postSolution
		SolutionGuid = {25FD79D3-FC4E-412B-BC2D-E92B7009A2B9}
	EndGlobalSection
EndGlobal
