
Microsoft Visual Studio Solution File, Format Version 12.00
# Visual Studio 15
VisualStudioVersion = 15.0.28307.168
MinimumVisualStudioVersion = 10.0.40219.1
Project("{9A19103F-16F7-4668-BE54-9A1E7A4F7556}") = "Kurdspell", "Kurdspell\Kurdspell.csproj", "{4D2D9B86-4CD2-44E1-8DC8-45D275193804}"
EndProject
Project("{9A19103F-16F7-4668-BE54-9A1E7A4F7556}") = "Sample", "Sample\Sample.csproj", "{E27C48F7-8622-4E29-9267-689CA560AD06}"
EndProject
Project("{FAE04EC0-301F-11D3-BF4B-00C04F79EFBC}") = "Sample2", "Sample2\Sample2.csproj", "{A1A4F7A7-637F-4ECA-86A5-92AB6EA67DF8}"
EndProject
Project("{9A19103F-16F7-4668-BE54-9A1E7A4F7556}") = "Kurdspell.Tests", "Kurdspell.Tests\Kurdspell.Tests.csproj", "{BEBB9907-5FE9-457D-A635-9A419FF41379}"
EndProject
Project("{FAE04EC0-301F-11D3-BF4B-00C04F79EFBC}") = "Sample3", "Sample3\Sample3.csproj", "{305BA3E2-87BF-4B03-9854-6BEA6D088FFA}"
EndProject
Project("{9A19103F-16F7-4668-BE54-9A1E7A4F7556}") = "Sample4", "Sample4\Sample4.csproj", "{2EB002D5-F564-449E-A570-2E73E02D974D}"
EndProject
Project("{FAE04EC0-301F-11D3-BF4B-00C04F79EFBC}") = "DictionaryEditor", "DictionaryEditor\DictionaryEditor.csproj", "{BA939F4E-2EC5-4DB8-952D-F38C68982C2E}"
EndProject
Project("{FAE04EC0-301F-11D3-BF4B-00C04F79EFBC}") = "Evaluation", "Evaluation\Evaluation.csproj", "{ED5AB881-F986-44D4-BC5F-B313C7BE5A16}"
EndProject
Project("{FAE04EC0-301F-11D3-BF4B-00C04F79EFBC}") = "Compressor", "Compressor\Compressor.csproj", "{3F1D0A19-902A-4DB9-A433-2CEBBF36E203}"
EndProject
Global
	GlobalSection(SolutionConfigurationPlatforms) = preSolution
		Debug|Any CPU = Debug|Any CPU
		Release|Any CPU = Release|Any CPU
	EndGlobalSection
	GlobalSection(ProjectConfigurationPlatforms) = postSolution
		{4D2D9B86-4CD2-44E1-8DC8-45D275193804}.Debug|Any CPU.ActiveCfg = Debug|Any CPU
		{4D2D9B86-4CD2-44E1-8DC8-45D275193804}.Debug|Any CPU.Build.0 = Debug|Any CPU
		{4D2D9B86-4CD2-44E1-8DC8-45D275193804}.Release|Any CPU.ActiveCfg = Release|Any CPU
		{4D2D9B86-4CD2-44E1-8DC8-45D275193804}.Release|Any CPU.Build.0 = Release|Any CPU
		{E27C48F7-8622-4E29-9267-689CA560AD06}.Debug|Any CPU.ActiveCfg = Debug|Any CPU
		{E27C48F7-8622-4E29-9267-689CA560AD06}.Debug|Any CPU.Build.0 = Debug|Any CPU
		{E27C48F7-8622-4E29-9267-689CA560AD06}.Release|Any CPU.ActiveCfg = Release|Any CPU
		{E27C48F7-8622-4E29-9267-689CA560AD06}.Release|Any CPU.Build.0 = Release|Any CPU
		{A1A4F7A7-637F-4ECA-86A5-92AB6EA67DF8}.Debug|Any CPU.ActiveCfg = Debug|Any CPU
		{A1A4F7A7-637F-4ECA-86A5-92AB6EA67DF8}.Debug|Any CPU.Build.0 = Debug|Any CPU
		{A1A4F7A7-637F-4ECA-86A5-92AB6EA67DF8}.Release|Any CPU.ActiveCfg = Release|Any CPU
		{A1A4F7A7-637F-4ECA-86A5-92AB6EA67DF8}.Release|Any CPU.Build.0 = Release|Any CPU
		{BEBB9907-5FE9-457D-A635-9A419FF41379}.Debug|Any CPU.ActiveCfg = Debug|Any CPU
		{BEBB9907-5FE9-457D-A635-9A419FF41379}.Debug|Any CPU.Build.0 = Debug|Any CPU
		{BEBB9907-5FE9-457D-A635-9A419FF41379}.Release|Any CPU.ActiveCfg = Release|Any CPU
		{BEBB9907-5FE9-457D-A635-9A419FF41379}.Release|Any CPU.Build.0 = Release|Any CPU
		{305BA3E2-87BF-4B03-9854-6BEA6D088FFA}.Debug|Any CPU.ActiveCfg = Debug|Any CPU
		{305BA3E2-87BF-4B03-9854-6BEA6D088FFA}.Debug|Any CPU.Build.0 = Debug|Any CPU
		{305BA3E2-87BF-4B03-9854-6BEA6D088FFA}.Release|Any CPU.ActiveCfg = Release|Any CPU
		{305BA3E2-87BF-4B03-9854-6BEA6D088FFA}.Release|Any CPU.Build.0 = Release|Any CPU
		{2EB002D5-F564-449E-A570-2E73E02D974D}.Debug|Any CPU.ActiveCfg = Debug|Any CPU
		{2EB002D5-F564-449E-A570-2E73E02D974D}.Debug|Any CPU.Build.0 = Debug|Any CPU
		{2EB002D5-F564-449E-A570-2E73E02D974D}.Release|Any CPU.ActiveCfg = Release|Any CPU
		{2EB002D5-F564-449E-A570-2E73E02D974D}.Release|Any CPU.Build.0 = Release|Any CPU
		{BA939F4E-2EC5-4DB8-952D-F38C68982C2E}.Debug|Any CPU.ActiveCfg = Debug|Any CPU
		{BA939F4E-2EC5-4DB8-952D-F38C68982C2E}.Debug|Any CPU.Build.0 = Debug|Any CPU
		{BA939F4E-2EC5-4DB8-952D-F38C68982C2E}.Release|Any CPU.ActiveCfg = Release|Any CPU
		{BA939F4E-2EC5-4DB8-952D-F38C68982C2E}.Release|Any CPU.Build.0 = Release|Any CPU
		{ED5AB881-F986-44D4-BC5F-B313C7BE5A16}.Debug|Any CPU.ActiveCfg = Debug|Any CPU
		{ED5AB881-F986-44D4-BC5F-B313C7BE5A16}.Debug|Any CPU.Build.0 = Debug|Any CPU
		{ED5AB881-F986-44D4-BC5F-B313C7BE5A16}.Release|Any CPU.ActiveCfg = Release|Any CPU
		{ED5AB881-F986-44D4-BC5F-B313C7BE5A16}.Release|Any CPU.Build.0 = Release|Any CPU
		{3F1D0A19-902A-4DB9-A433-2CEBBF36E203}.Debug|Any CPU.ActiveCfg = Debug|Any CPU
		{3F1D0A19-902A-4DB9-A433-2CEBBF36E203}.Debug|Any CPU.Build.0 = Debug|Any CPU
		{3F1D0A19-902A-4DB9-A433-2CEBBF36E203}.Release|Any CPU.ActiveCfg = Release|Any CPU
		{3F1D0A19-902A-4DB9-A433-2CEBBF36E203}.Release|Any CPU.Build.0 = Release|Any CPU
	EndGlobalSection
	GlobalSection(SolutionProperties) = preSolution
		HideSolutionNode = FALSE
	EndGlobalSection
	GlobalSection(ExtensibilityGlobals) = postSolution
		SolutionGuid = {EB49B17E-92A5-450B-86FB-45C50B62B904}
	EndGlobalSection
	GlobalSection(Performance) = preSolution
		HasPerformanceSessions = true
	EndGlobalSection
	GlobalSection(Performance) = preSolution
		HasPerformanceSessions = true
	EndGlobalSection
	GlobalSection(Performance) = preSolution
		HasPerformanceSessions = true
	EndGlobalSection
	GlobalSection(Performance) = preSolution
		HasPerformanceSessions = true
	EndGlobalSection
	GlobalSection(Performance) = preSolution
		HasPerformanceSessions = true
	EndGlobalSection
EndGlobal
